
Microsoft Visual Studio Solution File, Format Version 12.00
# Visual Studio Version 17
VisualStudioVersion = 17.7.34202.233
MinimumVisualStudioVersion = 10.0.40219.1
Project("{FAE04EC0-301F-11D3-BF4B-00C04F79EFBC}") = "BTL_LWNC_WebAmNhac", "BTL_LWNC_WebAmNhac\BTL_LWNC_WebAmNhac.csproj", "{B988A67E-D76C-40B4-80D3-9AE2E4714CA1}"
EndProject
Global
	GlobalSection(SolutionConfigurationPlatforms) = preSolution
		Debug|Any CPU = Debug|Any CPU
		Release|Any CPU = Release|Any CPU
	EndGlobalSection
	GlobalSection(ProjectConfigurationPlatforms) = postSolution
		{B988A67E-D76C-40B4-80D3-9AE2E4714CA1}.Debug|Any CPU.ActiveCfg = Debug|Any CPU
		{B988A67E-D76C-40B4-80D3-9AE2E4714CA1}.Debug|Any CPU.Build.0 = Debug|Any CPU
		{B988A67E-D76C-40B4-80D3-9AE2E4714CA1}.Release|Any CPU.ActiveCfg = Release|Any CPU
		{B988A67E-D76C-40B4-80D3-9AE2E4714CA1}.Release|Any CPU.Build.0 = Release|Any CPU
	EndGlobalSection
	GlobalSection(SolutionProperties) = preSolution
		HideSolutionNode = FALSE
	EndGlobalSection
	GlobalSection(ExtensibilityGlobals) = postSolution
		SolutionGuid = {4315BF38-81C1-454B-A53F-3F5B54159541}
	EndGlobalSection
EndGlobal
